
Microsoft Visual Studio Solution File, Format Version 12.00
# Visual Studio Version 17
VisualStudioVersion = 17.9.34622.214
MinimumVisualStudioVersion = 10.0.40219.1
Project("{FAE04EC0-301F-11D3-BF4B-00C04F79EFBC}") = "Quiz", "Quiz\Quiz.csproj", "{C5570AA1-12DF-4C41-9ABA-1FB86121DACD}"
EndProject
Global
	GlobalSection(SolutionConfigurationPlatforms) = preSolution
		Debug|Any CPU = Debug|Any CPU
		Release|Any CPU = Release|Any CPU
	EndGlobalSection
	GlobalSection(ProjectConfigurationPlatforms) = postSolution
		{C5570AA1-12DF-4C41-9ABA-1FB86121DACD}.Debug|Any CPU.ActiveCfg = Debug|Any CPU
		{C5570AA1-12DF-4C41-9ABA-1FB86121DACD}.Debug|Any CPU.Build.0 = Debug|Any CPU
		{C5570AA1-12DF-4C41-9ABA-1FB86121DACD}.Release|Any CPU.ActiveCfg = Release|Any CPU
		{C5570AA1-12DF-4C41-9ABA-1FB86121DACD}.Release|Any CPU.Build.0 = Release|Any CPU
	EndGlobalSection
	GlobalSection(SolutionProperties) = preSolution
		HideSolutionNode = FALSE
	EndGlobalSection
	GlobalSection(ExtensibilityGlobals) = postSolution
		SolutionGuid = {A20D8163-0DEE-4B3A-9D4F-84DE2202CE0E}
	EndGlobalSection
EndGlobal
